
Microsoft Visual Studio Solution File, Format Version 12.00
# Visual Studio Version 17
VisualStudioVersion = 17.4.33213.308
MinimumVisualStudioVersion = 10.0.40219.1
Project("{2150E333-8FDC-42A3-9474-1A3956D46DE8}") = "NorthWind.Entities", "NorthWind.Entities", "{9A83FD39-F9C3-4D3D-987C-1F77551C5C15}"
EndProject
Project("{2150E333-8FDC-42A3-9474-1A3956D46DE8}") = "Enums", "Enums", "{9A035AE5-BA8B-4C2A-BBE1-CFDF4903580E}"
	ProjectSection(SolutionItems) = preProject
		..\..\..\Downloads\NorthWind-master\NorthWind.Entities\Enums\DiscountType.cs = ..\..\..\Downloads\NorthWind-master\NorthWind.Entities\Enums\DiscountType.cs
		..\..\..\Downloads\NorthWind-master\NorthWind.Entities\Enums\ShippingType.cs = ..\..\..\Downloads\NorthWind-master\NorthWind.Entities\Enums\ShippingType.cs
	EndProjectSection
EndProject
Global
	GlobalSection(SolutionProperties) = preSolution
		HideSolutionNode = FALSE
	EndGlobalSection
	GlobalSection(NestedProjects) = preSolution
		{9A035AE5-BA8B-4C2A-BBE1-CFDF4903580E} = {9A83FD39-F9C3-4D3D-987C-1F77551C5C15}
	EndGlobalSection
	GlobalSection(ExtensibilityGlobals) = postSolution
		SolutionGuid = {0DD97D72-F010-412B-B304-1CE2AF914F77}
	EndGlobalSection
EndGlobal
